
Microsoft Visual Studio Solution File, Format Version 12.00
# Visual Studio Version 17
VisualStudioVersion = 17.4.33103.184
MinimumVisualStudioVersion = 10.0.40219.1
Project("{FAE04EC0-301F-11D3-BF4B-00C04F79EFBC}") = "Blazor-Clarity", "Blazor-Clarity\Blazor-Clarity.csproj", "{42219643-1883-4305-8A83-C950325233C6}"
EndProject
Global
	GlobalSection(SolutionConfigurationPlatforms) = preSolution
		Debug|Any CPU = Debug|Any CPU
		Release|Any CPU = Release|Any CPU
	EndGlobalSection
	GlobalSection(ProjectConfigurationPlatforms) = postSolution
		{42219643-1883-4305-8A83-C950325233C6}.Debug|Any CPU.ActiveCfg = Debug|Any CPU
		{42219643-1883-4305-8A83-C950325233C6}.Debug|Any CPU.Build.0 = Debug|Any CPU
		{42219643-1883-4305-8A83-C950325233C6}.Release|Any CPU.ActiveCfg = Release|Any CPU
		{42219643-1883-4305-8A83-C950325233C6}.Release|Any CPU.Build.0 = Release|Any CPU
	EndGlobalSection
	GlobalSection(SolutionProperties) = preSolution
		HideSolutionNode = FALSE
	EndGlobalSection
	GlobalSection(ExtensibilityGlobals) = postSolution
		SolutionGuid = {BE2AB15D-B745-4ACF-8403-C73A3D3B840B}
	EndGlobalSection
EndGlobal
